
Microsoft Visual Studio Solution File, Format Version 12.00
# Visual Studio 15
VisualStudioVersion = 15.0.28307.902
MinimumVisualStudioVersion = 10.0.40219.1
Project("{FAE04EC0-301F-11D3-BF4B-00C04F79EFBC}") = "CycomWeeklyManager", "CycomWeeklyManager\CycomWeeklyManager.csproj", "{4A3EECEB-07E2-45C3-8E75-3E5ED9B617BB}"
EndProject
Global
	GlobalSection(SolutionConfigurationPlatforms) = preSolution
		Debug|Any CPU = Debug|Any CPU
		Release|Any CPU = Release|Any CPU
	EndGlobalSection
	GlobalSection(ProjectConfigurationPlatforms) = postSolution
		{4A3EECEB-07E2-45C3-8E75-3E5ED9B617BB}.Debug|Any CPU.ActiveCfg = Debug|Any CPU
		{4A3EECEB-07E2-45C3-8E75-3E5ED9B617BB}.Debug|Any CPU.Build.0 = Debug|Any CPU
		{4A3EECEB-07E2-45C3-8E75-3E5ED9B617BB}.Release|Any CPU.ActiveCfg = Release|Any CPU
		{4A3EECEB-07E2-45C3-8E75-3E5ED9B617BB}.Release|Any CPU.Build.0 = Release|Any CPU
	EndGlobalSection
	GlobalSection(SolutionProperties) = preSolution
		HideSolutionNode = FALSE
	EndGlobalSection
	GlobalSection(ExtensibilityGlobals) = postSolution
		SolutionGuid = {9372E804-A74B-41EE-8198-666D83F730CE}
	EndGlobalSection
EndGlobal
